
Microsoft Visual Studio Solution File, Format Version 12.00
# Visual Studio Version 16
VisualStudioVersion = 16.0.30011.22
MinimumVisualStudioVersion = 10.0.40219.1
Project("{FAE04EC0-301F-11D3-BF4B-00C04F79EFBC}") = "CodeBlogFitness.BL", "CodeBlogFitness.dll\CodeBlogFitness.BL.csproj", "{DF54EEA4-E282-4647-A8C1-DC8161F3C25D}"
EndProject
Project("{FAE04EC0-301F-11D3-BF4B-00C04F79EFBC}") = "CodeBlogFitness.CMD", "CodeBlogFitness.CMD\CodeBlogFitness.CMD.csproj", "{EB1955E2-1B76-40D2-A29E-2E04F68D91F6}"
EndProject
Global
	GlobalSection(SolutionConfigurationPlatforms) = preSolution
		Debug|Any CPU = Debug|Any CPU
		Release|Any CPU = Release|Any CPU
	EndGlobalSection
	GlobalSection(ProjectConfigurationPlatforms) = postSolution
		{DF54EEA4-E282-4647-A8C1-DC8161F3C25D}.Debug|Any CPU.ActiveCfg = Debug|Any CPU
		{DF54EEA4-E282-4647-A8C1-DC8161F3C25D}.Debug|Any CPU.Build.0 = Debug|Any CPU
		{DF54EEA4-E282-4647-A8C1-DC8161F3C25D}.Release|Any CPU.ActiveCfg = Release|Any CPU
		{DF54EEA4-E282-4647-A8C1-DC8161F3C25D}.Release|Any CPU.Build.0 = Release|Any CPU
		{EB1955E2-1B76-40D2-A29E-2E04F68D91F6}.Debug|Any CPU.ActiveCfg = Debug|Any CPU
		{EB1955E2-1B76-40D2-A29E-2E04F68D91F6}.Debug|Any CPU.Build.0 = Debug|Any CPU
		{EB1955E2-1B76-40D2-A29E-2E04F68D91F6}.Release|Any CPU.ActiveCfg = Release|Any CPU
		{EB1955E2-1B76-40D2-A29E-2E04F68D91F6}.Release|Any CPU.Build.0 = Release|Any CPU
	EndGlobalSection
	GlobalSection(SolutionProperties) = preSolution
		HideSolutionNode = FALSE
	EndGlobalSection
	GlobalSection(ExtensibilityGlobals) = postSolution
		SolutionGuid = {8D921641-24B2-4F01-B4E5-5E97CE7FB3E1}
	EndGlobalSection
EndGlobal
